
Microsoft Visual Studio Solution File, Format Version 12.00
# Visual Studio Version 17
VisualStudioVersion = 17.1.32328.378
MinimumVisualStudioVersion = 10.0.40219.1
Project("{FAE04EC0-301F-11D3-BF4B-00C04F79EFBC}") = "BAI_1_0_ONTAP_NET101_CRUD", "BAI_1_0_ONTAP_NET101_CRUD\BAI_1_0_ONTAP_NET101_CRUD.csproj", "{B3445352-7EEB-43EB-BB9B-94A3D4ED3D08}"
EndProject
Project("{FAE04EC0-301F-11D3-BF4B-00C04F79EFBC}") = "BAI_1_1_DELEGATE", "BAI_1_1_DELEGATE\BAI_1_1_DELEGATE.csproj", "{312B7144-6D3F-4355-BA25-6941445F146D}"
EndProject
Project("{FAE04EC0-301F-11D3-BF4B-00C04F79EFBC}") = "BAI_1_2_DELEGATE_ACTION_FUNC_PREDICATE", "BAI_1_2_DELEGATE_ACTION_FUNC_PREDICATE\BAI_1_2_DELEGATE_ACTION_FUNC_PREDICATE.csproj", "{4B29442B-7A9C-462A-B784-3D7935E66C72}"
EndProject
Project("{FAE04EC0-301F-11D3-BF4B-00C04F79EFBC}") = "BAI_1_3_DELEGATE_EVENT", "BAI_1_3_DELEGATE_EVENT\BAI_1_3_DELEGATE_EVENT.csproj", "{86824D86-3A99-4F2B-A6EE-6680D9C174AC}"
EndProject
Project("{FAE04EC0-301F-11D3-BF4B-00C04F79EFBC}") = "BAI_1_4_DELEGATE_EVENT2", "BAI_1_4_DELEGATE_EVENT2\BAI_1_4_DELEGATE_EVENT2.csproj", "{984F517F-AC56-44E2-AE24-B7B04CAEEBAD}"
EndProject
Project("{FAE04EC0-301F-11D3-BF4B-00C04F79EFBC}") = "BAI_1_5_DELEGATE_EVENT3", "BAI_1_5_DELEGATE_EVENT3\BAI_1_5_DELEGATE_EVENT3.csproj", "{5F4D3FB2-FDC7-40C5-98F7-204872011D42}"
EndProject
Project("{FAE04EC0-301F-11D3-BF4B-00C04F79EFBC}") = "BAI_1_6_EXCEPTION", "BAI_1_6_EXCEPTION\BAI_1_6_EXCEPTION.csproj", "{29D9ACAA-4F7B-4610-9E82-D339F38DFEE9}"
EndProject
Project("{FAE04EC0-301F-11D3-BF4B-00C04F79EFBC}") = "BAi_1_7_DINH_NGHIA_CLASS_EXCEPTION", "BAi_1_7_DINH_NGHIA_CLASS_EXCEPTION\BAi_1_7_DINH_NGHIA_CLASS_EXCEPTION.csproj", "{D2A2EB1F-820C-4102-AE7C-73B792A8BD9B}"
EndProject
Project("{FAE04EC0-301F-11D3-BF4B-00C04F79EFBC}") = "BAI_1_8_COLLECTION", "BAI_1_8_COLLECTION\BAI_1_8_COLLECTION.csproj", "{E9014FB6-63E4-442F-B984-95938E1FF632}"
EndProject
Project("{FAE04EC0-301F-11D3-BF4B-00C04F79EFBC}") = "BAI_1_9_GENERIC", "BAI_1_9_GENERIC\BAI_1_9_GENERIC.csproj", "{BCAEFB62-E43B-40F8-86CE-11F9387CCCCD}"
EndProject
Project("{FAE04EC0-301F-11D3-BF4B-00C04F79EFBC}") = "BAI_2_0_CLASS_GENERIC", "BAI_2_0_CLASS_GENERIC\BAI_2_0_CLASS_GENERIC.csproj", "{0D160E12-B22E-48D6-9579-D01C833DD67C}"
EndProject
Global
	GlobalSection(SolutionConfigurationPlatforms) = preSolution
		Debug|Any CPU = Debug|Any CPU
		Release|Any CPU = Release|Any CPU
	EndGlobalSection
	GlobalSection(ProjectConfigurationPlatforms) = postSolution
		{B3445352-7EEB-43EB-BB9B-94A3D4ED3D08}.Debug|Any CPU.ActiveCfg = Debug|Any CPU
		{B3445352-7EEB-43EB-BB9B-94A3D4ED3D08}.Debug|Any CPU.Build.0 = Debug|Any CPU
		{B3445352-7EEB-43EB-BB9B-94A3D4ED3D08}.Release|Any CPU.ActiveCfg = Release|Any CPU
		{B3445352-7EEB-43EB-BB9B-94A3D4ED3D08}.Release|Any CPU.Build.0 = Release|Any CPU
		{312B7144-6D3F-4355-BA25-6941445F146D}.Debug|Any CPU.ActiveCfg = Debug|Any CPU
		{312B7144-6D3F-4355-BA25-6941445F146D}.Debug|Any CPU.Build.0 = Debug|Any CPU
		{312B7144-6D3F-4355-BA25-6941445F146D}.Release|Any CPU.ActiveCfg = Release|Any CPU
		{312B7144-6D3F-4355-BA25-6941445F146D}.Release|Any CPU.Build.0 = Release|Any CPU
		{4B29442B-7A9C-462A-B784-3D7935E66C72}.Debug|Any CPU.ActiveCfg = Debug|Any CPU
		{4B29442B-7A9C-462A-B784-3D7935E66C72}.Debug|Any CPU.Build.0 = Debug|Any CPU
		{4B29442B-7A9C-462A-B784-3D7935E66C72}.Release|Any CPU.ActiveCfg = Release|Any CPU
		{4B29442B-7A9C-462A-B784-3D7935E66C72}.Release|Any CPU.Build.0 = Release|Any CPU
		{86824D86-3A99-4F2B-A6EE-6680D9C174AC}.Debug|Any CPU.ActiveCfg = Debug|Any CPU
		{86824D86-3A99-4F2B-A6EE-6680D9C174AC}.Debug|Any CPU.Build.0 = Debug|Any CPU
		{86824D86-3A99-4F2B-A6EE-6680D9C174AC}.Release|Any CPU.ActiveCfg = Release|Any CPU
		{86824D86-3A99-4F2B-A6EE-6680D9C174AC}.Release|Any CPU.Build.0 = Release|Any CPU
		{984F517F-AC56-44E2-AE24-B7B04CAEEBAD}.Debug|Any CPU.ActiveCfg = Debug|Any CPU
		{984F517F-AC56-44E2-AE24-B7B04CAEEBAD}.Debug|Any CPU.Build.0 = Debug|Any CPU
		{984F517F-AC56-44E2-AE24-B7B04CAEEBAD}.Release|Any CPU.ActiveCfg = Release|Any CPU
		{984F517F-AC56-44E2-AE24-B7B04CAEEBAD}.Release|Any CPU.Build.0 = Release|Any CPU
		{5F4D3FB2-FDC7-40C5-98F7-204872011D42}.Debug|Any CPU.ActiveCfg = Debug|Any CPU
		{5F4D3FB2-FDC7-40C5-98F7-204872011D42}.Debug|Any CPU.Build.0 = Debug|Any CPU
		{5F4D3FB2-FDC7-40C5-98F7-204872011D42}.Release|Any CPU.ActiveCfg = Release|Any CPU
		{5F4D3FB2-FDC7-40C5-98F7-204872011D42}.Release|Any CPU.Build.0 = Release|Any CPU
		{29D9ACAA-4F7B-4610-9E82-D339F38DFEE9}.Debug|Any CPU.ActiveCfg = Debug|Any CPU
		{29D9ACAA-4F7B-4610-9E82-D339F38DFEE9}.Debug|Any CPU.Build.0 = Debug|Any CPU
		{29D9ACAA-4F7B-4610-9E82-D339F38DFEE9}.Release|Any CPU.ActiveCfg = Release|Any CPU
		{29D9ACAA-4F7B-4610-9E82-D339F38DFEE9}.Release|Any CPU.Build.0 = Release|Any CPU
		{D2A2EB1F-820C-4102-AE7C-73B792A8BD9B}.Debug|Any CPU.ActiveCfg = Debug|Any CPU
		{D2A2EB1F-820C-4102-AE7C-73B792A8BD9B}.Debug|Any CPU.Build.0 = Debug|Any CPU
		{D2A2EB1F-820C-4102-AE7C-73B792A8BD9B}.Release|Any CPU.ActiveCfg = Release|Any CPU
		{D2A2EB1F-820C-4102-AE7C-73B792A8BD9B}.Release|Any CPU.Build.0 = Release|Any CPU
		{E9014FB6-63E4-442F-B984-95938E1FF632}.Debug|Any CPU.ActiveCfg = Debug|Any CPU
		{E9014FB6-63E4-442F-B984-95938E1FF632}.Debug|Any CPU.Build.0 = Debug|Any CPU
		{E9014FB6-63E4-442F-B984-95938E1FF632}.Release|Any CPU.ActiveCfg = Release|Any CPU
		{E9014FB6-63E4-442F-B984-95938E1FF632}.Release|Any CPU.Build.0 = Release|Any CPU
		{BCAEFB62-E43B-40F8-86CE-11F9387CCCCD}.Debug|Any CPU.ActiveCfg = Debug|Any CPU
		{BCAEFB62-E43B-40F8-86CE-11F9387CCCCD}.Debug|Any CPU.Build.0 = Debug|Any CPU
		{BCAEFB62-E43B-40F8-86CE-11F9387CCCCD}.Release|Any CPU.ActiveCfg = Release|Any CPU
		{BCAEFB62-E43B-40F8-86CE-11F9387CCCCD}.Release|Any CPU.Build.0 = Release|Any CPU
		{0D160E12-B22E-48D6-9579-D01C833DD67C}.Debug|Any CPU.ActiveCfg = Debug|Any CPU
		{0D160E12-B22E-48D6-9579-D01C833DD67C}.Debug|Any CPU.Build.0 = Debug|Any CPU
		{0D160E12-B22E-48D6-9579-D01C833DD67C}.Release|Any CPU.ActiveCfg = Release|Any CPU
		{0D160E12-B22E-48D6-9579-D01C833DD67C}.Release|Any CPU.Build.0 = Release|Any CPU
	EndGlobalSection
	GlobalSection(SolutionProperties) = preSolution
		HideSolutionNode = FALSE
	EndGlobalSection
	GlobalSection(ExtensibilityGlobals) = postSolution
		SolutionGuid = {E158B0D3-4937-4FC0-9A55-6952F67BA5F2}
	EndGlobalSection
EndGlobal
